
Microsoft Visual Studio Solution File, Format Version 12.00
# Visual Studio 15
VisualStudioVersion = 15.0.27428.2037
MinimumVisualStudioVersion = 10.0.40219.1
Project("{8BC9CEB8-8B4A-11D0-8D11-00A0C91BC942}") = "xhao@TestCPP", "xhao@TestCPP\xhao@TestCPP.vcxproj", "{5FE285D9-306E-4A78-986C-15E3A008458D}"
	ProjectSection(ProjectDependencies) = postProject
		{3F1F032C-16ED-4359-B3E5-99EC92ABC62A} = {3F1F032C-16ED-4359-B3E5-99EC92ABC62A}
		{DA91C8BB-6ABA-47C7-8D9E-EA5EA0E37C13} = {DA91C8BB-6ABA-47C7-8D9E-EA5EA0E37C13}
	EndProjectSection
EndProject
Project("{8BC9CEB8-8B4A-11D0-8D11-00A0C91BC942}") = "TestDll", "TestDll\TestDll.vcxproj", "{3F1F032C-16ED-4359-B3E5-99EC92ABC62A}"
EndProject
Project("{8BC9CEB8-8B4A-11D0-8D11-00A0C91BC942}") = "TestFriendFunAndCls", "TestFriendFunAndCls\TestFriendFunAndCls.vcxproj", "{DA91C8BB-6ABA-47C7-8D9E-EA5EA0E37C13}"
EndProject
Project("{8BC9CEB8-8B4A-11D0-8D11-00A0C91BC942}") = "TestDiffStructAndClass", "TestDiffStructAndClass\TestDiffStructAndClass.vcxproj", "{9F759432-07B3-4C53-A23B-9868EF3C1D87}"
EndProject
Project("{8BC9CEB8-8B4A-11D0-8D11-00A0C91BC942}") = "TestPolymorphic", "TestPolymorphic\TestPolymorphic.vcxproj", "{4E22ADAD-537D-4509-A497-A4669138D67E}"
EndProject
Project("{8BC9CEB8-8B4A-11D0-8D11-00A0C91BC942}") = "TestStream", "TestStream\TestStream.vcxproj", "{07F74539-C9F9-48DA-8CB7-4B884F67C1E4}"
EndProject
Project("{8BC9CEB8-8B4A-11D0-8D11-00A0C91BC942}") = "BiTree", "BiTree\BiTree.vcxproj", "{7C8FB1D3-D7D4-4112-BAA8-5FF9B5D400F9}"
EndProject
Project("{8BC9CEB8-8B4A-11D0-8D11-00A0C91BC942}") = "Overwrite_Overload_Hide", "Overwrite_Overload_Hide\Overwrite_Overload_Hide.vcxproj", "{B9D7C257-644D-47D0-8500-53EE3F373E7E}"
EndProject
Global
	GlobalSection(SolutionConfigurationPlatforms) = preSolution
		Debug|x64 = Debug|x64
		Debug|x86 = Debug|x86
		Release|x64 = Release|x64
		Release|x86 = Release|x86
	EndGlobalSection
	GlobalSection(ProjectConfigurationPlatforms) = postSolution
		{5FE285D9-306E-4A78-986C-15E3A008458D}.Debug|x64.ActiveCfg = Debug|x64
		{5FE285D9-306E-4A78-986C-15E3A008458D}.Debug|x64.Build.0 = Debug|x64
		{5FE285D9-306E-4A78-986C-15E3A008458D}.Debug|x86.ActiveCfg = Debug|Win32
		{5FE285D9-306E-4A78-986C-15E3A008458D}.Debug|x86.Build.0 = Debug|Win32
		{5FE285D9-306E-4A78-986C-15E3A008458D}.Release|x64.ActiveCfg = Release|x64
		{5FE285D9-306E-4A78-986C-15E3A008458D}.Release|x64.Build.0 = Release|x64
		{5FE285D9-306E-4A78-986C-15E3A008458D}.Release|x86.ActiveCfg = Release|Win32
		{5FE285D9-306E-4A78-986C-15E3A008458D}.Release|x86.Build.0 = Release|Win32
		{3F1F032C-16ED-4359-B3E5-99EC92ABC62A}.Debug|x64.ActiveCfg = Debug|x64
		{3F1F032C-16ED-4359-B3E5-99EC92ABC62A}.Debug|x64.Build.0 = Debug|x64
		{3F1F032C-16ED-4359-B3E5-99EC92ABC62A}.Debug|x86.ActiveCfg = Debug|Win32
		{3F1F032C-16ED-4359-B3E5-99EC92ABC62A}.Debug|x86.Build.0 = Debug|Win32
		{3F1F032C-16ED-4359-B3E5-99EC92ABC62A}.Release|x64.ActiveCfg = Release|x64
		{3F1F032C-16ED-4359-B3E5-99EC92ABC62A}.Release|x64.Build.0 = Release|x64
		{3F1F032C-16ED-4359-B3E5-99EC92ABC62A}.Release|x86.ActiveCfg = Release|Win32
		{3F1F032C-16ED-4359-B3E5-99EC92ABC62A}.Release|x86.Build.0 = Release|Win32
		{DA91C8BB-6ABA-47C7-8D9E-EA5EA0E37C13}.Debug|x64.ActiveCfg = Debug|x64
		{DA91C8BB-6ABA-47C7-8D9E-EA5EA0E37C13}.Debug|x64.Build.0 = Debug|x64
		{DA91C8BB-6ABA-47C7-8D9E-EA5EA0E37C13}.Debug|x86.ActiveCfg = Debug|Win32
		{DA91C8BB-6ABA-47C7-8D9E-EA5EA0E37C13}.Debug|x86.Build.0 = Debug|Win32
		{DA91C8BB-6ABA-47C7-8D9E-EA5EA0E37C13}.Release|x64.ActiveCfg = Release|x64
		{DA91C8BB-6ABA-47C7-8D9E-EA5EA0E37C13}.Release|x64.Build.0 = Release|x64
		{DA91C8BB-6ABA-47C7-8D9E-EA5EA0E37C13}.Release|x86.ActiveCfg = Release|Win32
		{DA91C8BB-6ABA-47C7-8D9E-EA5EA0E37C13}.Release|x86.Build.0 = Release|Win32
		{9F759432-07B3-4C53-A23B-9868EF3C1D87}.Debug|x64.ActiveCfg = Debug|x64
		{9F759432-07B3-4C53-A23B-9868EF3C1D87}.Debug|x64.Build.0 = Debug|x64
		{9F759432-07B3-4C53-A23B-9868EF3C1D87}.Debug|x86.ActiveCfg = Debug|Win32
		{9F759432-07B3-4C53-A23B-9868EF3C1D87}.Debug|x86.Build.0 = Debug|Win32
		{9F759432-07B3-4C53-A23B-9868EF3C1D87}.Release|x64.ActiveCfg = Release|x64
		{9F759432-07B3-4C53-A23B-9868EF3C1D87}.Release|x64.Build.0 = Release|x64
		{9F759432-07B3-4C53-A23B-9868EF3C1D87}.Release|x86.ActiveCfg = Release|Win32
		{9F759432-07B3-4C53-A23B-9868EF3C1D87}.Release|x86.Build.0 = Release|Win32
		{4E22ADAD-537D-4509-A497-A4669138D67E}.Debug|x64.ActiveCfg = Debug|x64
		{4E22ADAD-537D-4509-A497-A4669138D67E}.Debug|x64.Build.0 = Debug|x64
		{4E22ADAD-537D-4509-A497-A4669138D67E}.Debug|x86.ActiveCfg = Debug|Win32
		{4E22ADAD-537D-4509-A497-A4669138D67E}.Debug|x86.Build.0 = Debug|Win32
		{4E22ADAD-537D-4509-A497-A4669138D67E}.Release|x64.ActiveCfg = Release|x64
		{4E22ADAD-537D-4509-A497-A4669138D67E}.Release|x64.Build.0 = Release|x64
		{4E22ADAD-537D-4509-A497-A4669138D67E}.Release|x86.ActiveCfg = Release|Win32
		{4E22ADAD-537D-4509-A497-A4669138D67E}.Release|x86.Build.0 = Release|Win32
		{07F74539-C9F9-48DA-8CB7-4B884F67C1E4}.Debug|x64.ActiveCfg = Debug|x64
		{07F74539-C9F9-48DA-8CB7-4B884F67C1E4}.Debug|x64.Build.0 = Debug|x64
		{07F74539-C9F9-48DA-8CB7-4B884F67C1E4}.Debug|x86.ActiveCfg = Debug|Win32
		{07F74539-C9F9-48DA-8CB7-4B884F67C1E4}.Debug|x86.Build.0 = Debug|Win32
		{07F74539-C9F9-48DA-8CB7-4B884F67C1E4}.Release|x64.ActiveCfg = Release|x64
		{07F74539-C9F9-48DA-8CB7-4B884F67C1E4}.Release|x64.Build.0 = Release|x64
		{07F74539-C9F9-48DA-8CB7-4B884F67C1E4}.Release|x86.ActiveCfg = Release|Win32
		{07F74539-C9F9-48DA-8CB7-4B884F67C1E4}.Release|x86.Build.0 = Release|Win32
		{7C8FB1D3-D7D4-4112-BAA8-5FF9B5D400F9}.Debug|x64.ActiveCfg = Debug|x64
		{7C8FB1D3-D7D4-4112-BAA8-5FF9B5D400F9}.Debug|x64.Build.0 = Debug|x64
		{7C8FB1D3-D7D4-4112-BAA8-5FF9B5D400F9}.Debug|x86.ActiveCfg = Debug|Win32
		{7C8FB1D3-D7D4-4112-BAA8-5FF9B5D400F9}.Debug|x86.Build.0 = Debug|Win32
		{7C8FB1D3-D7D4-4112-BAA8-5FF9B5D400F9}.Release|x64.ActiveCfg = Release|x64
		{7C8FB1D3-D7D4-4112-BAA8-5FF9B5D400F9}.Release|x64.Build.0 = Release|x64
		{7C8FB1D3-D7D4-4112-BAA8-5FF9B5D400F9}.Release|x86.ActiveCfg = Release|Win32
		{7C8FB1D3-D7D4-4112-BAA8-5FF9B5D400F9}.Release|x86.Build.0 = Release|Win32
		{B9D7C257-644D-47D0-8500-53EE3F373E7E}.Debug|x64.ActiveCfg = Debug|x64
		{B9D7C257-644D-47D0-8500-53EE3F373E7E}.Debug|x64.Build.0 = Debug|x64
		{B9D7C257-644D-47D0-8500-53EE3F373E7E}.Debug|x86.ActiveCfg = Debug|Win32
		{B9D7C257-644D-47D0-8500-53EE3F373E7E}.Debug|x86.Build.0 = Debug|Win32
		{B9D7C257-644D-47D0-8500-53EE3F373E7E}.Release|x64.ActiveCfg = Release|x64
		{B9D7C257-644D-47D0-8500-53EE3F373E7E}.Release|x64.Build.0 = Release|x64
		{B9D7C257-644D-47D0-8500-53EE3F373E7E}.Release|x86.ActiveCfg = Release|Win32
		{B9D7C257-644D-47D0-8500-53EE3F373E7E}.Release|x86.Build.0 = Release|Win32
	EndGlobalSection
	GlobalSection(SolutionProperties) = preSolution
		HideSolutionNode = FALSE
	EndGlobalSection
	GlobalSection(ExtensibilityGlobals) = postSolution
		SolutionGuid = {79A03C16-341B-40BE-A489-1A0A409F1B35}
	EndGlobalSection
EndGlobal
